// !$*UTF8*$!
{
	archiveVersion = 1;
	classes = {
	};
	objectVersion = 46;
	objects = {

/* Begin PBXBuildFile section */
		5767F1A80E5D1C85DFCAC290 /* libPods.a in Frameworks */ = {isa = PBXBuildFile; fileRef = D51EFD4A5836A4F03EABB8A7 /* libPods.a */; };
		7E2A0ECC1BF4270C00DEE0C5 /* main.m in Sources */ = {isa = PBXBuildFile; fileRef = 7E2A0ECB1BF4270C00DEE0C5 /* main.m */; };
		7E2A0ECF1BF4270C00DEE0C5 /* AppDelegate.m in Sources */ = {isa = PBXBuildFile; fileRef = 7E2A0ECE1BF4270C00DEE0C5 /* AppDelegate.m */; };
		7E2A0ED21BF4270C00DEE0C5 /* ViewController.m in Sources */ = {isa = PBXBuildFile; fileRef = 7E2A0ED11BF4270C00DEE0C5 /* ViewController.m */; };
		7E2A0ED51BF4270C00DEE0C5 /* Main.storyboard in Resources */ = {isa = PBXBuildFile; fileRef = 7E2A0ED31BF4270C00DEE0C5 /* Main.storyboard */; };
		7E2A0ED81BF4270C00DEE0C5 /* KVOTest.xcdatamodeld in Sources */ = {isa = PBXBuildFile; fileRef = 7E2A0ED61BF4270C00DEE0C5 /* KVOTest.xcdatamodeld */; };
		7E2A0EDA1BF4270C00DEE0C5 /* Assets.xcassets in Resources */ = {isa = PBXBuildFile; fileRef = 7E2A0ED91BF4270C00DEE0C5 /* Assets.xcassets */; };
		7E2A0EDD1BF4270C00DEE0C5 /* LaunchScreen.storyboard in Resources */ = {isa = PBXBuildFile; fileRef = 7E2A0EDB1BF4270C00DEE0C5 /* LaunchScreen.storyboard */; };
		7E2A0EE81BF4270C00DEE0C5 /* KVOTestTests.m in Sources */ = {isa = PBXBuildFile; fileRef = 7E2A0EE71BF4270C00DEE0C5 /* KVOTestTests.m */; };
		7E2A0EF31BF4270C00DEE0C5 /* KVOTestUITests.m in Sources */ = {isa = PBXBuildFile; fileRef = 7E2A0EF21BF4270C00DEE0C5 /* KVOTestUITests.m */; };
		7E2A0F011BF4273100DEE0C5 /* ViewController.xib in Resources */ = {isa = PBXBuildFile; fileRef = 7E2A0F001BF4273100DEE0C5 /* ViewController.xib */; };
		7E2A0F111BF42ADD00DEE0C5 /* KVOViewController.m in Sources */ = {isa = PBXBuildFile; fileRef = 7E2A0F0F1BF42ADD00DEE0C5 /* KVOViewController.m */; };
		7E2A0F121BF42ADD00DEE0C5 /* KVOViewController.xib in Resources */ = {isa = PBXBuildFile; fileRef = 7E2A0F101BF42ADD00DEE0C5 /* KVOViewController.xib */; };
		7E2A0F151BF42B0900DEE0C5 /* KVOObject.m in Sources */ = {isa = PBXBuildFile; fileRef = 7E2A0F141BF42B0900DEE0C5 /* KVOObject.m */; };
		7E6EA7DA1BF58E0A00E4A47E /* MButton.m in Sources */ = {isa = PBXBuildFile; fileRef = 7E6EA7D91BF58E0A00E4A47E /* MButton.m */; };
		7E6EA7DE1BF5C12800E4A47E /* MBouttonViewController.m in Sources */ = {isa = PBXBuildFile; fileRef = 7E6EA7DC1BF5C12800E4A47E /* MBouttonViewController.m */; };
		7E6EA7DF1BF5C12800E4A47E /* MBouttonViewController.xib in Resources */ = {isa = PBXBuildFile; fileRef = 7E6EA7DD1BF5C12800E4A47E /* MBouttonViewController.xib */; };
		7E6EA7E11BF5C80000E4A47E /* Default-568h@2x.png in Resources */ = {isa = PBXBuildFile; fileRef = 7E6EA7E01BF5C80000E4A47E /* Default-568h@2x.png */; };
		7E8BAE061C02B1BC000CE8E8 /* DataManager.m in Sources */ = {isa = PBXBuildFile; fileRef = 7E8BAE051C02B1BC000CE8E8 /* DataManager.m */; };
		7E8BAE0D1C02BA5B000CE8E8 /* MapViewController.m in Sources */ = {isa = PBXBuildFile; fileRef = 7E8BAE0B1C02BA5B000CE8E8 /* MapViewController.m */; };
		7E8BAE0E1C02BA5B000CE8E8 /* MapViewController.xib in Resources */ = {isa = PBXBuildFile; fileRef = 7E8BAE0C1C02BA5B000CE8E8 /* MapViewController.xib */; };
		7E8BAE111C02BB76000CE8E8 /* Tracking.m in Sources */ = {isa = PBXBuildFile; fileRef = 7E8BAE101C02BB76000CE8E8 /* Tracking.m */; };
		7E8BAE151C02C28D000CE8E8 /* ball.png in Resources */ = {isa = PBXBuildFile; fileRef = 7E8BAE121C02C28D000CE8E8 /* ball.png */; };
		7E8BAE161C02C28D000CE8E8 /* ball@2x.png in Resources */ = {isa = PBXBuildFile; fileRef = 7E8BAE131C02C28D000CE8E8 /* ball@2x.png */; };
		7E8BAE191C02E043000CE8E8 /* GuGong.tracking in Resources */ = {isa = PBXBuildFile; fileRef = 7E8BAE181C02E043000CE8E8 /* GuGong.tracking */; };
		7E8BAE1B1C02E944000CE8E8 /* route.plist in Resources */ = {isa = PBXBuildFile; fileRef = 7E8BAE1A1C02E944000CE8E8 /* route.plist */; };
		7E8BAE1E1C02F776000CE8E8 /* WGS84TOGCJ02.m in Sources */ = {isa = PBXBuildFile; fileRef = 7E8BAE1D1C02F776000CE8E8 /* WGS84TOGCJ02.m */; };
		7E8BAE2F1C0402BC000CE8E8 /* AMapLocationKit.framework in Frameworks */ = {isa = PBXBuildFile; fileRef = 7E8BAE2E1C0402BC000CE8E8 /* AMapLocationKit.framework */; };
		7E8BAE311C040356000CE8E8 /* CoreTelephony.framework in Frameworks */ = {isa = PBXBuildFile; fileRef = 7E8BAE301C040356000CE8E8 /* CoreTelephony.framework */; };
		7E8BAE331C04035E000CE8E8 /* SystemConfiguration.framework in Frameworks */ = {isa = PBXBuildFile; fileRef = 7E8BAE321C04035E000CE8E8 /* SystemConfiguration.framework */; };
		7E8BAE351C040364000CE8E8 /* CoreLocation.framework in Frameworks */ = {isa = PBXBuildFile; fileRef = 7E8BAE341C040364000CE8E8 /* CoreLocation.framework */; };
		7E8BAE371C04036E000CE8E8 /* libz.tbd in Frameworks */ = {isa = PBXBuildFile; fileRef = 7E8BAE361C04036E000CE8E8 /* libz.tbd */; };
		7E8BAE3B1C040480000CE8E8 /* AMap.bundle in Resources */ = {isa = PBXBuildFile; fileRef = 7E8BAE3A1C040480000CE8E8 /* AMap.bundle */; };
		7E8BAE3D1C0404B8000CE8E8 /* libstdc++.6.0.9.tbd in Frameworks */ = {isa = PBXBuildFile; fileRef = 7E8BAE3C1C0404B8000CE8E8 /* libstdc++.6.0.9.tbd */; };
		7E8BAE3F1C0404BF000CE8E8 /* Security.framework in Frameworks */ = {isa = PBXBuildFile; fileRef = 7E8BAE3E1C0404BF000CE8E8 /* Security.framework */; };
		7ED26DDF1BFEB6D400F33D67 /* HealthViewController.m in Sources */ = {isa = PBXBuildFile; fileRef = 7ED26DDD1BFEB6D400F33D67 /* HealthViewController.m */; };
		7ED26DE01BFEB6D400F33D67 /* HealthViewController.xib in Resources */ = {isa = PBXBuildFile; fileRef = 7ED26DDE1BFEB6D400F33D67 /* HealthViewController.xib */; };
		7ED26DE41BFEB6EF00F33D67 /* HealthTableViewCell.m in Sources */ = {isa = PBXBuildFile; fileRef = 7ED26DE21BFEB6EF00F33D67 /* HealthTableViewCell.m */; };
		7ED26DE51BFEB6EF00F33D67 /* HealthTableViewCell.xib in Resources */ = {isa = PBXBuildFile; fileRef = 7ED26DE31BFEB6EF00F33D67 /* HealthTableViewCell.xib */; };
		7ED26DE71BFEBCB900F33D67 /* image5.jpg in Resources */ = {isa = PBXBuildFile; fileRef = 7ED26DE61BFEBCB900F33D67 /* image5.jpg */; };
/* End PBXBuildFile section */

/* Begin PBXContainerItemProxy section */
		7E2A0EE41BF4270C00DEE0C5 /* PBXContainerItemProxy */ = {
			isa = PBXContainerItemProxy;
			containerPortal = 7E2A0EBF1BF4270C00DEE0C5 /* Project object */;
			proxyType = 1;
			remoteGlobalIDString = 7E2A0EC61BF4270C00DEE0C5;
			remoteInfo = KVOTest;
		};
		7E2A0EEF1BF4270C00DEE0C5 /* PBXContainerItemProxy */ = {
			isa = PBXContainerItemProxy;
			containerPortal = 7E2A0EBF1BF4270C00DEE0C5 /* Project object */;
			proxyType = 1;
			remoteGlobalIDString = 7E2A0EC61BF4270C00DEE0C5;
			remoteInfo = KVOTest;
		};
/* End PBXContainerItemProxy section */

/* Begin PBXFileReference section */
		4A0C8661843B91ED99C5F901 /* Pods.release.xcconfig */ = {isa = PBXFileReference; includeInIndex = 1; lastKnownFileType = text.xcconfig; name = Pods.release.xcconfig; path = "Pods/Target Support Files/Pods/Pods.release.xcconfig"; sourceTree = "<group>"; };
		7E2A0EC71BF4270C00DEE0C5 /* KVOTest.app */ = {isa = PBXFileReference; explicitFileType = wrapper.application; includeInIndex = 0; path = KVOTest.app; sourceTree = BUILT_PRODUCTS_DIR; };
		7E2A0ECB1BF4270C00DEE0C5 /* main.m */ = {isa = PBXFileReference; lastKnownFileType = sourcecode.c.objc; path = main.m; sourceTree = "<group>"; };
		7E2A0ECD1BF4270C00DEE0C5 /* AppDelegate.h */ = {isa = PBXFileReference; lastKnownFileType = sourcecode.c.h; path = AppDelegate.h; sourceTree = "<group>"; };
		7E2A0ECE1BF4270C00DEE0C5 /* AppDelegate.m */ = {isa = PBXFileReference; lastKnownFileType = sourcecode.c.objc; path = AppDelegate.m; sourceTree = "<group>"; };
		7E2A0ED01BF4270C00DEE0C5 /* ViewController.h */ = {isa = PBXFileReference; lastKnownFileType = sourcecode.c.h; path = ViewController.h; sourceTree = "<group>"; };
		7E2A0ED11BF4270C00DEE0C5 /* ViewController.m */ = {isa = PBXFileReference; lastKnownFileType = sourcecode.c.objc; path = ViewController.m; sourceTree = "<group>"; };
		7E2A0ED41BF4270C00DEE0C5 /* Base */ = {isa = PBXFileReference; lastKnownFileType = file.storyboard; name = Base; path = Base.lproj/Main.storyboard; sourceTree = "<group>"; };
		7E2A0ED71BF4270C00DEE0C5 /* KVOTest.xcdatamodel */ = {isa = PBXFileReference; lastKnownFileType = wrapper.xcdatamodel; path = KVOTest.xcdatamodel; sourceTree = "<group>"; };
		7E2A0ED91BF4270C00DEE0C5 /* Assets.xcassets */ = {isa = PBXFileReference; lastKnownFileType = folder.assetcatalog; path = Assets.xcassets; sourceTree = "<group>"; };
		7E2A0EDC1BF4270C00DEE0C5 /* Base */ = {isa = PBXFileReference; lastKnownFileType = file.storyboard; name = Base; path = Base.lproj/LaunchScreen.storyboard; sourceTree = "<group>"; };
		7E2A0EDE1BF4270C00DEE0C5 /* Info.plist */ = {isa = PBXFileReference; lastKnownFileType = text.plist.xml; path = Info.plist; sourceTree = "<group>"; };
		7E2A0EE31BF4270C00DEE0C5 /* KVOTestTests.xctest */ = {isa = PBXFileReference; explicitFileType = wrapper.cfbundle; includeInIndex = 0; path = KVOTestTests.xctest; sourceTree = BUILT_PRODUCTS_DIR; };
		7E2A0EE71BF4270C00DEE0C5 /* KVOTestTests.m */ = {isa = PBXFileReference; lastKnownFileType = sourcecode.c.objc; path = KVOTestTests.m; sourceTree = "<group>"; };
		7E2A0EE91BF4270C00DEE0C5 /* Info.plist */ = {isa = PBXFileReference; lastKnownFileType = text.plist.xml; path = Info.plist; sourceTree = "<group>"; };
		7E2A0EEE1BF4270C00DEE0C5 /* KVOTestUITests.xctest */ = {isa = PBXFileReference; explicitFileType = wrapper.cfbundle; includeInIndex = 0; path = KVOTestUITests.xctest; sourceTree = BUILT_PRODUCTS_DIR; };
		7E2A0EF21BF4270C00DEE0C5 /* KVOTestUITests.m */ = {isa = PBXFileReference; lastKnownFileType = sourcecode.c.objc; path = KVOTestUITests.m; sourceTree = "<group>"; };
		7E2A0EF41BF4270C00DEE0C5 /* Info.plist */ = {isa = PBXFileReference; lastKnownFileType = text.plist.xml; path = Info.plist; sourceTree = "<group>"; };
		7E2A0F001BF4273100DEE0C5 /* ViewController.xib */ = {isa = PBXFileReference; fileEncoding = 4; lastKnownFileType = file.xib; path = ViewController.xib; sourceTree = "<group>"; };
		7E2A0F0E1BF42ADD00DEE0C5 /* KVOViewController.h */ = {isa = PBXFileReference; fileEncoding = 4; lastKnownFileType = sourcecode.c.h; path = KVOViewController.h; sourceTree = "<group>"; };
		7E2A0F0F1BF42ADD00DEE0C5 /* KVOViewController.m */ = {isa = PBXFileReference; fileEncoding = 4; lastKnownFileType = sourcecode.c.objc; path = KVOViewController.m; sourceTree = "<group>"; };
		7E2A0F101BF42ADD00DEE0C5 /* KVOViewController.xib */ = {isa = PBXFileReference; fileEncoding = 4; lastKnownFileType = file.xib; path = KVOViewController.xib; sourceTree = "<group>"; };
		7E2A0F131BF42B0900DEE0C5 /* KVOObject.h */ = {isa = PBXFileReference; fileEncoding = 4; lastKnownFileType = sourcecode.c.h; path = KVOObject.h; sourceTree = "<group>"; };
		7E2A0F141BF42B0900DEE0C5 /* KVOObject.m */ = {isa = PBXFileReference; fileEncoding = 4; lastKnownFileType = sourcecode.c.objc; path = KVOObject.m; sourceTree = "<group>"; };
		7E6EA7D81BF58E0A00E4A47E /* MButton.h */ = {isa = PBXFileReference; fileEncoding = 4; lastKnownFileType = sourcecode.c.h; path = MButton.h; sourceTree = "<group>"; };
		7E6EA7D91BF58E0A00E4A47E /* MButton.m */ = {isa = PBXFileReference; fileEncoding = 4; lastKnownFileType = sourcecode.c.objc; path = MButton.m; sourceTree = "<group>"; };
		7E6EA7DB1BF5C12800E4A47E /* MBouttonViewController.h */ = {isa = PBXFileReference; fileEncoding = 4; lastKnownFileType = sourcecode.c.h; path = MBouttonViewController.h; sourceTree = "<group>"; };
		7E6EA7DC1BF5C12800E4A47E /* MBouttonViewController.m */ = {isa = PBXFileReference; fileEncoding = 4; lastKnownFileType = sourcecode.c.objc; path = MBouttonViewController.m; sourceTree = "<group>"; };
		7E6EA7DD1BF5C12800E4A47E /* MBouttonViewController.xib */ = {isa = PBXFileReference; fileEncoding = 4; lastKnownFileType = file.xib; path = MBouttonViewController.xib; sourceTree = "<group>"; };
		7E6EA7E01BF5C80000E4A47E /* Default-568h@2x.png */ = {isa = PBXFileReference; lastKnownFileType = image.png; path = "Default-568h@2x.png"; sourceTree = "<group>"; };
		7E8BAE041C02B1BC000CE8E8 /* DataManager.h */ = {isa = PBXFileReference; fileEncoding = 4; lastKnownFileType = sourcecode.c.h; path = DataManager.h; sourceTree = "<group>"; };
		7E8BAE051C02B1BC000CE8E8 /* DataManager.m */ = {isa = PBXFileReference; fileEncoding = 4; lastKnownFileType = sourcecode.c.objc; path = DataManager.m; sourceTree = "<group>"; };
		7E8BAE0A1C02BA5B000CE8E8 /* MapViewController.h */ = {isa = PBXFileReference; fileEncoding = 4; lastKnownFileType = sourcecode.c.h; path = MapViewController.h; sourceTree = "<group>"; };
		7E8BAE0B1C02BA5B000CE8E8 /* MapViewController.m */ = {isa = PBXFileReference; fileEncoding = 4; lastKnownFileType = sourcecode.c.objc; path = MapViewController.m; sourceTree = "<group>"; };
		7E8BAE0C1C02BA5B000CE8E8 /* MapViewController.xib */ = {isa = PBXFileReference; fileEncoding = 4; lastKnownFileType = file.xib; path = MapViewController.xib; sourceTree = "<group>"; };
		7E8BAE0F1C02BB76000CE8E8 /* Tracking.h */ = {isa = PBXFileReference; fileEncoding = 4; lastKnownFileType = sourcecode.c.h; path = Tracking.h; sourceTree = "<group>"; };
		7E8BAE101C02BB76000CE8E8 /* Tracking.m */ = {isa = PBXFileReference; fileEncoding = 4; lastKnownFileType = sourcecode.c.objc; path = Tracking.m; sourceTree = "<group>"; };
		7E8BAE121C02C28D000CE8E8 /* ball.png */ = {isa = PBXFileReference; lastKnownFileType = image.png; path = ball.png; sourceTree = "<group>"; };
		7E8BAE131C02C28D000CE8E8 /* ball@2x.png */ = {isa = PBXFileReference; lastKnownFileType = image.png; path = "ball@2x.png"; sourceTree = "<group>"; };
		7E8BAE181C02E043000CE8E8 /* GuGong.tracking */ = {isa = PBXFileReference; fileEncoding = 4; lastKnownFileType = file; path = GuGong.tracking; sourceTree = "<group>"; };
		7E8BAE1A1C02E944000CE8E8 /* route.plist */ = {isa = PBXFileReference; fileEncoding = 4; lastKnownFileType = text.plist.xml; path = route.plist; sourceTree = "<group>"; };
		7E8BAE1C1C02F776000CE8E8 /* WGS84TOGCJ02.h */ = {isa = PBXFileReference; fileEncoding = 4; lastKnownFileType = sourcecode.c.h; path = WGS84TOGCJ02.h; sourceTree = "<group>"; };
		7E8BAE1D1C02F776000CE8E8 /* WGS84TOGCJ02.m */ = {isa = PBXFileReference; fileEncoding = 4; lastKnownFileType = sourcecode.c.objc; path = WGS84TOGCJ02.m; sourceTree = "<group>"; };
		7E8BAE2E1C0402BC000CE8E8 /* AMapLocationKit.framework */ = {isa = PBXFileReference; lastKnownFileType = wrapper.framework; path = AMapLocationKit.framework; sourceTree = "<group>"; };
		7E8BAE301C040356000CE8E8 /* CoreTelephony.framework */ = {isa = PBXFileReference; lastKnownFileType = wrapper.framework; name = CoreTelephony.framework; path = System/Library/Frameworks/CoreTelephony.framework; sourceTree = SDKROOT; };
		7E8BAE321C04035E000CE8E8 /* SystemConfiguration.framework */ = {isa = PBXFileReference; lastKnownFileType = wrapper.framework; name = SystemConfiguration.framework; path = System/Library/Frameworks/SystemConfiguration.framework; sourceTree = SDKROOT; };
		7E8BAE341C040364000CE8E8 /* CoreLocation.framework */ = {isa = PBXFileReference; lastKnownFileType = wrapper.framework; name = CoreLocation.framework; path = System/Library/Frameworks/CoreLocation.framework; sourceTree = SDKROOT; };
		7E8BAE361C04036E000CE8E8 /* libz.tbd */ = {isa = PBXFileReference; lastKnownFileType = "sourcecode.text-based-dylib-definition"; name = libz.tbd; path = usr/lib/libz.tbd; sourceTree = SDKROOT; };
		7E8BAE3A1C040480000CE8E8 /* AMap.bundle */ = {isa = PBXFileReference; lastKnownFileType = "wrapper.plug-in"; path = AMap.bundle; sourceTree = "<group>"; };
		7E8BAE3C1C0404B8000CE8E8 /* libstdc++.6.0.9.tbd */ = {isa = PBXFileReference; lastKnownFileType = "sourcecode.text-based-dylib-definition"; name = "libstdc++.6.0.9.tbd"; path = "usr/lib/libstdc++.6.0.9.tbd"; sourceTree = SDKROOT; };
		7E8BAE3E1C0404BF000CE8E8 /* Security.framework */ = {isa = PBXFileReference; lastKnownFileType = wrapper.framework; name = Security.framework; path = System/Library/Frameworks/Security.framework; sourceTree = SDKROOT; };
		7ED26DDC1BFEB6D400F33D67 /* HealthViewController.h */ = {isa = PBXFileReference; fileEncoding = 4; lastKnownFileType = sourcecode.c.h; path = HealthViewController.h; sourceTree = "<group>"; };
		7ED26DDD1BFEB6D400F33D67 /* HealthViewController.m */ = {isa = PBXFileReference; fileEncoding = 4; lastKnownFileType = sourcecode.c.objc; path = HealthViewController.m; sourceTree = "<group>"; };
		7ED26DDE1BFEB6D400F33D67 /* HealthViewController.xib */ = {isa = PBXFileReference; fileEncoding = 4; lastKnownFileType = file.xib; path = HealthViewController.xib; sourceTree = "<group>"; };
		7ED26DE11BFEB6EF00F33D67 /* HealthTableViewCell.h */ = {isa = PBXFileReference; fileEncoding = 4; lastKnownFileType = sourcecode.c.h; path = HealthTableViewCell.h; sourceTree = "<group>"; };
		7ED26DE21BFEB6EF00F33D67 /* HealthTableViewCell.m */ = {isa = PBXFileReference; fileEncoding = 4; lastKnownFileType = sourcecode.c.objc; path = HealthTableViewCell.m; sourceTree = "<group>"; };
		7ED26DE31BFEB6EF00F33D67 /* HealthTableViewCell.xib */ = {isa = PBXFileReference; fileEncoding = 4; lastKnownFileType = file.xib; path = HealthTableViewCell.xib; sourceTree = "<group>"; };
		7ED26DE61BFEBCB900F33D67 /* image5.jpg */ = {isa = PBXFileReference; lastKnownFileType = image.jpeg; path = image5.jpg; sourceTree = "<group>"; };
		C0F842AAA627A9298613279C /* Pods.debug.xcconfig */ = {isa = PBXFileReference; includeInIndex = 1; lastKnownFileType = text.xcconfig; name = Pods.debug.xcconfig; path = "Pods/Target Support Files/Pods/Pods.debug.xcconfig"; sourceTree = "<group>"; };
		D51EFD4A5836A4F03EABB8A7 /* libPods.a */ = {isa = PBXFileReference; explicitFileType = archive.ar; includeInIndex = 0; path = libPods.a; sourceTree = BUILT_PRODUCTS_DIR; };
/* End PBXFileReference section */

/* Begin PBXFrameworksBuildPhase section */
		7E2A0EC41BF4270C00DEE0C5 /* Frameworks */ = {
			isa = PBXFrameworksBuildPhase;
			buildActionMask = 2147483647;
			files = (
				7E8BAE3F1C0404BF000CE8E8 /* Security.framework in Frameworks */,
				7E8BAE3D1C0404B8000CE8E8 /* libstdc++.6.0.9.tbd in Frameworks */,
				7E8BAE371C04036E000CE8E8 /* libz.tbd in Frameworks */,
				7E8BAE351C040364000CE8E8 /* CoreLocation.framework in Frameworks */,
				7E8BAE331C04035E000CE8E8 /* SystemConfiguration.framework in Frameworks */,
				7E8BAE311C040356000CE8E8 /* CoreTelephony.framework in Frameworks */,
				5767F1A80E5D1C85DFCAC290 /* libPods.a in Frameworks */,
				7E8BAE2F1C0402BC000CE8E8 /* AMapLocationKit.framework in Frameworks */,
			);
			runOnlyForDeploymentPostprocessing = 0;
		};
		7E2A0EE01BF4270C00DEE0C5 /* Frameworks */ = {
			isa = PBXFrameworksBuildPhase;
			buildActionMask = 2147483647;
			files = (
			);
			runOnlyForDeploymentPostprocessing = 0;
		};
		7E2A0EEB1BF4270C00DEE0C5 /* Frameworks */ = {
			isa = PBXFrameworksBuildPhase;
			buildActionMask = 2147483647;
			files = (
			);
			runOnlyForDeploymentPostprocessing = 0;
		};
/* End PBXFrameworksBuildPhase section */

/* Begin PBXGroup section */
		7D79DDC21F80B3A74B99285C /* Frameworks */ = {
			isa = PBXGroup;
			children = (
				7E8BAE3E1C0404BF000CE8E8 /* Security.framework */,
				7E8BAE3C1C0404B8000CE8E8 /* libstdc++.6.0.9.tbd */,
				7E8BAE361C04036E000CE8E8 /* libz.tbd */,
				7E8BAE341C040364000CE8E8 /* CoreLocation.framework */,
				7E8BAE321C04035E000CE8E8 /* SystemConfiguration.framework */,
				7E8BAE301C040356000CE8E8 /* CoreTelephony.framework */,
				D51EFD4A5836A4F03EABB8A7 /* libPods.a */,
			);
			name = Frameworks;
			sourceTree = "<group>";
		};
		7E2A0EBE1BF4270C00DEE0C5 = {
			isa = PBXGroup;
			children = (
				7E6EA7E01BF5C80000E4A47E /* Default-568h@2x.png */,
				7E2A0EC91BF4270C00DEE0C5 /* KVOTest */,
				7E2A0EE61BF4270C00DEE0C5 /* KVOTestTests */,
				7E2A0EF11BF4270C00DEE0C5 /* KVOTestUITests */,
				7E2A0EC81BF4270C00DEE0C5 /* Products */,
				C39A2377A2A4346FDD306656 /* Pods */,
				7D79DDC21F80B3A74B99285C /* Frameworks */,
			);
			sourceTree = "<group>";
		};
		7E2A0EC81BF4270C00DEE0C5 /* Products */ = {
			isa = PBXGroup;
			children = (
				7E2A0EC71BF4270C00DEE0C5 /* KVOTest.app */,
				7E2A0EE31BF4270C00DEE0C5 /* KVOTestTests.xctest */,
				7E2A0EEE1BF4270C00DEE0C5 /* KVOTestUITests.xctest */,
			);
			name = Products;
			sourceTree = "<group>";
		};
		7E2A0EC91BF4270C00DEE0C5 /* KVOTest */ = {
			isa = PBXGroup;
			children = (
				7E2A0ECD1BF4270C00DEE0C5 /* AppDelegate.h */,
				7E2A0ECE1BF4270C00DEE0C5 /* AppDelegate.m */,
				7E2A0ED01BF4270C00DEE0C5 /* ViewController.h */,
				7E2A0ED11BF4270C00DEE0C5 /* ViewController.m */,
				7E2A0F001BF4273100DEE0C5 /* ViewController.xib */,
				7E8BAE091C02BA4A000CE8E8 /* Map */,
				7ED26DDB1BFEB6D400F33D67 /* health */,
				7E2A0F0A1BF427D100DEE0C5 /* BaseButton */,
				7E2A0F0B1BF427D100DEE0C5 /* BaseLabel */,
				7E2A0F0C1BF427D100DEE0C5 /* KVO */,
				7E2A0F0D1BF427D100DEE0C5 /* NetWorking */,
				7E2A0ED31BF4270C00DEE0C5 /* Main.storyboard */,
				7E2A0ED91BF4270C00DEE0C5 /* Assets.xcassets */,
				7E2A0EDB1BF4270C00DEE0C5 /* LaunchScreen.storyboard */,
				7E2A0EDE1BF4270C00DEE0C5 /* Info.plist */,
				7E8BAE1A1C02E944000CE8E8 /* route.plist */,
				7E2A0ED61BF4270C00DEE0C5 /* KVOTest.xcdatamodeld */,
				7E2A0ECA1BF4270C00DEE0C5 /* Supporting Files */,
			);
			path = KVOTest;
			sourceTree = "<group>";
		};
		7E2A0ECA1BF4270C00DEE0C5 /* Supporting Files */ = {
			isa = PBXGroup;
			children = (
				7E2A0ECB1BF4270C00DEE0C5 /* main.m */,
			);
			name = "Supporting Files";
			sourceTree = "<group>";
		};
		7E2A0EE61BF4270C00DEE0C5 /* KVOTestTests */ = {
			isa = PBXGroup;
			children = (
				7E2A0EE71BF4270C00DEE0C5 /* KVOTestTests.m */,
				7E2A0EE91BF4270C00DEE0C5 /* Info.plist */,
			);
			path = KVOTestTests;
			sourceTree = "<group>";
		};
		7E2A0EF11BF4270C00DEE0C5 /* KVOTestUITests */ = {
			isa = PBXGroup;
			children = (
				7E2A0EF21BF4270C00DEE0C5 /* KVOTestUITests.m */,
				7E2A0EF41BF4270C00DEE0C5 /* Info.plist */,
			);
			path = KVOTestUITests;
			sourceTree = "<group>";
		};
		7E2A0F0A1BF427D100DEE0C5 /* BaseButton */ = {
			isa = PBXGroup;
			children = (
				7E6EA7D81BF58E0A00E4A47E /* MButton.h */,
				7E6EA7D91BF58E0A00E4A47E /* MButton.m */,
				7E6EA7DB1BF5C12800E4A47E /* MBouttonViewController.h */,
				7E6EA7DC1BF5C12800E4A47E /* MBouttonViewController.m */,
				7E6EA7DD1BF5C12800E4A47E /* MBouttonViewController.xib */,
			);
			path = BaseButton;
			sourceTree = "<group>";
		};
		7E2A0F0B1BF427D100DEE0C5 /* BaseLabel */ = {
			isa = PBXGroup;
			children = (
			);
			path = BaseLabel;
			sourceTree = "<group>";
		};
		7E2A0F0C1BF427D100DEE0C5 /* KVO */ = {
			isa = PBXGroup;
			children = (
				7E2A0F0E1BF42ADD00DEE0C5 /* KVOViewController.h */,
				7E2A0F0F1BF42ADD00DEE0C5 /* KVOViewController.m */,
				7E2A0F101BF42ADD00DEE0C5 /* KVOViewController.xib */,
				7E2A0F131BF42B0900DEE0C5 /* KVOObject.h */,
				7E2A0F141BF42B0900DEE0C5 /* KVOObject.m */,
			);
			path = KVO;
			sourceTree = "<group>";
		};
		7E2A0F0D1BF427D100DEE0C5 /* NetWorking */ = {
			isa = PBXGroup;
			children = (
			);
			path = NetWorking;
			sourceTree = "<group>";
		};
		7E8BAE091C02BA4A000CE8E8 /* Map */ = {
			isa = PBXGroup;
			children = (
				7E8BAE3A1C040480000CE8E8 /* AMap.bundle */,
				7E8BAE2E1C0402BC000CE8E8 /* AMapLocationKit.framework */,
				7E8BAE121C02C28D000CE8E8 /* ball.png */,
				7E8BAE131C02C28D000CE8E8 /* ball@2x.png */,
				7E8BAE181C02E043000CE8E8 /* GuGong.tracking */,
				7E8BAE0F1C02BB76000CE8E8 /* Tracking.h */,
				7E8BAE101C02BB76000CE8E8 /* Tracking.m */,
				7E8BAE0A1C02BA5B000CE8E8 /* MapViewController.h */,
				7E8BAE0B1C02BA5B000CE8E8 /* MapViewController.m */,
				7E8BAE0C1C02BA5B000CE8E8 /* MapViewController.xib */,
				7E8BAE1C1C02F776000CE8E8 /* WGS84TOGCJ02.h */,
				7E8BAE1D1C02F776000CE8E8 /* WGS84TOGCJ02.m */,
			);
			path = Map;
			sourceTree = "<group>";
		};
		7ED26DDB1BFEB6D400F33D67 /* health */ = {
			isa = PBXGroup;
			children = (
				7ED26DE61BFEBCB900F33D67 /* image5.jpg */,
				7ED26DDC1BFEB6D400F33D67 /* HealthViewController.h */,
				7ED26DDD1BFEB6D400F33D67 /* HealthViewController.m */,
				7ED26DDE1BFEB6D400F33D67 /* HealthViewController.xib */,
				7ED26DE11BFEB6EF00F33D67 /* HealthTableViewCell.h */,
				7ED26DE21BFEB6EF00F33D67 /* HealthTableViewCell.m */,
				7ED26DE31BFEB6EF00F33D67 /* HealthTableViewCell.xib */,
				7E8BAE041C02B1BC000CE8E8 /* DataManager.h */,
				7E8BAE051C02B1BC000CE8E8 /* DataManager.m */,
			);
			path = health;
			sourceTree = "<group>";
		};
		C39A2377A2A4346FDD306656 /* Pods */ = {
			isa = PBXGroup;
			children = (
				C0F842AAA627A9298613279C /* Pods.debug.xcconfig */,
				4A0C8661843B91ED99C5F901 /* Pods.release.xcconfig */,
			);
			name = Pods;
			sourceTree = "<group>";
		};
/* End PBXGroup section */

/* Begin PBXNativeTarget section */
		7E2A0EC61BF4270C00DEE0C5 /* KVOTest */ = {
			isa = PBXNativeTarget;
			buildConfigurationList = 7E2A0EF71BF4270C00DEE0C5 /* Build configuration list for PBXNativeTarget "KVOTest" */;
			buildPhases = (
				B9635FFE095A115E15E4B459 /* Check Pods Manifest.lock */,
				7E2A0EC31BF4270C00DEE0C5 /* Sources */,
				7E2A0EC41BF4270C00DEE0C5 /* Frameworks */,
				7E2A0EC51BF4270C00DEE0C5 /* Resources */,
				797AE128135FADCCC72DC59A /* Embed Pods Frameworks */,
				9480139F6A4C02A794944705 /* Copy Pods Resources */,
			);
			buildRules = (
			);
			dependencies = (
			);
			name = KVOTest;
			productName = KVOTest;
			productReference = 7E2A0EC71BF4270C00DEE0C5 /* KVOTest.app */;
			productType = "com.apple.product-type.application";
		};
		7E2A0EE21BF4270C00DEE0C5 /* KVOTestTests */ = {
			isa = PBXNativeTarget;
			buildConfigurationList = 7E2A0EFA1BF4270C00DEE0C5 /* Build configuration list for PBXNativeTarget "KVOTestTests" */;
			buildPhases = (
				7E2A0EDF1BF4270C00DEE0C5 /* Sources */,
				7E2A0EE01BF4270C00DEE0C5 /* Frameworks */,
				7E2A0EE11BF4270C00DEE0C5 /* Resources */,
			);
			buildRules = (
			);
			dependencies = (
				7E2A0EE51BF4270C00DEE0C5 /* PBXTargetDependency */,
			);
			name = KVOTestTests;
			productName = KVOTestTests;
			productReference = 7E2A0EE31BF4270C00DEE0C5 /* KVOTestTests.xctest */;
			productType = "com.apple.product-type.bundle.unit-test";
		};
		7E2A0EED1BF4270C00DEE0C5 /* KVOTestUITests */ = {
			isa = PBXNativeTarget;
			buildConfigurationList = 7E2A0EFD1BF4270C00DEE0C5 /* Build configuration list for PBXNativeTarget "KVOTestUITests" */;
			buildPhases = (
				7E2A0EEA1BF4270C00DEE0C5 /* Sources */,
				7E2A0EEB1BF4270C00DEE0C5 /* Frameworks */,
				7E2A0EEC1BF4270C00DEE0C5 /* Resources */,
			);
			buildRules = (
			);
			dependencies = (
				7E2A0EF01BF4270C00DEE0C5 /* PBXTargetDependency */,
			);
			name = KVOTestUITests;
			productName = KVOTestUITests;
			productReference = 7E2A0EEE1BF4270C00DEE0C5 /* KVOTestUITests.xctest */;
			productType = "com.apple.product-type.bundle.ui-testing";
		};
/* End PBXNativeTarget section */

/* Begin PBXProject section */
		7E2A0EBF1BF4270C00DEE0C5 /* Project object */ = {
			isa = PBXProject;
			attributes = {
				LastUpgradeCheck = 0710;
				ORGANIZATIONNAME = danggui;
				TargetAttributes = {
					7E2A0EC61BF4270C00DEE0C5 = {
						CreatedOnToolsVersion = 7.1;
						DevelopmentTeam = T3543QP3LW;
						SystemCapabilities = {
							com.apple.BackgroundModes = {
								enabled = 1;
							};
						};
					};
					7E2A0EE21BF4270C00DEE0C5 = {
						CreatedOnToolsVersion = 7.1;
						TestTargetID = 7E2A0EC61BF4270C00DEE0C5;
					};
					7E2A0EED1BF4270C00DEE0C5 = {
						CreatedOnToolsVersion = 7.1;
						TestTargetID = 7E2A0EC61BF4270C00DEE0C5;
					};
				};
			};
			buildConfigurationList = 7E2A0EC21BF4270C00DEE0C5 /* Build configuration list for PBXProject "KVOTest" */;
			compatibilityVersion = "Xcode 3.2";
			developmentRegion = English;
			hasScannedForEncodings = 0;
			knownRegions = (
				en,
				Base,
			);
			mainGroup = 7E2A0EBE1BF4270C00DEE0C5;
			productRefGroup = 7E2A0EC81BF4270C00DEE0C5 /* Products */;
			projectDirPath = "";
			projectRoot = "";
			targets = (
				7E2A0EC61BF4270C00DEE0C5 /* KVOTest */,
				7E2A0EE21BF4270C00DEE0C5 /* KVOTestTests */,
				7E2A0EED1BF4270C00DEE0C5 /* KVOTestUITests */,
			);
		};
/* End PBXProject section */

/* Begin PBXResourcesBuildPhase section */
		7E2A0EC51BF4270C00DEE0C5 /* Resources */ = {
			isa = PBXResourcesBuildPhase;
			buildActionMask = 2147483647;
			files = (
				7ED26DE51BFEB6EF00F33D67 /* HealthTableViewCell.xib in Resources */,
				7ED26DE71BFEBCB900F33D67 /* image5.jpg in Resources */,
				7E8BAE3B1C040480000CE8E8 /* AMap.bundle in Resources */,
				7E8BAE191C02E043000CE8E8 /* GuGong.tracking in Resources */,
				7E8BAE151C02C28D000CE8E8 /* ball.png in Resources */,
				7E2A0F121BF42ADD00DEE0C5 /* KVOViewController.xib in Resources */,
				7E2A0EDD1BF4270C00DEE0C5 /* LaunchScreen.storyboard in Resources */,
				7E6EA7DF1BF5C12800E4A47E /* MBouttonViewController.xib in Resources */,
				7E2A0EDA1BF4270C00DEE0C5 /* Assets.xcassets in Resources */,
				7E8BAE161C02C28D000CE8E8 /* ball@2x.png in Resources */,
				7E2A0F011BF4273100DEE0C5 /* ViewController.xib in Resources */,
				7E6EA7E11BF5C80000E4A47E /* Default-568h@2x.png in Resources */,
				7ED26DE01BFEB6D400F33D67 /* HealthViewController.xib in Resources */,
				7E8BAE1B1C02E944000CE8E8 /* route.plist in Resources */,
				7E8BAE0E1C02BA5B000CE8E8 /* MapViewController.xib in Resources */,
				7E2A0ED51BF4270C00DEE0C5 /* Main.storyboard in Resources */,
			);
			runOnlyForDeploymentPostprocessing = 0;
		};
		7E2A0EE11BF4270C00DEE0C5 /* Resources */ = {
			isa = PBXResourcesBuildPhase;
			buildActionMask = 2147483647;
			files = (
			);
			runOnlyForDeploymentPostprocessing = 0;
		};
		7E2A0EEC1BF4270C00DEE0C5 /* Resources */ = {
			isa = PBXResourcesBuildPhase;
			buildActionMask = 2147483647;
			files = (
			);
			runOnlyForDeploymentPostprocessing = 0;
		};
/* End PBXResourcesBuildPhase section */

/* Begin PBXShellScriptBuildPhase section */
		797AE128135FADCCC72DC59A /* Embed Pods Frameworks */ = {
			isa = PBXShellScriptBuildPhase;
			buildActionMask = 2147483647;
			files = (
			);
			inputPaths = (
			);
			name = "Embed Pods Frameworks";
			outputPaths = (
			);
			runOnlyForDeploymentPostprocessing = 0;
			shellPath = /bin/sh;
			shellScript = "\"${SRCROOT}/Pods/Target Support Files/Pods/Pods-frameworks.sh\"\n";
			showEnvVarsInLog = 0;
		};
		9480139F6A4C02A794944705 /* Copy Pods Resources */ = {
			isa = PBXShellScriptBuildPhase;
			buildActionMask = 2147483647;
			files = (
			);
			inputPaths = (
			);
			name = "Copy Pods Resources";
			outputPaths = (
			);
			runOnlyForDeploymentPostprocessing = 0;
			shellPath = /bin/sh;
			shellScript = "\"${SRCROOT}/Pods/Target Support Files/Pods/Pods-resources.sh\"\n";
			showEnvVarsInLog = 0;
		};
		B9635FFE095A115E15E4B459 /* Check Pods Manifest.lock */ = {
			isa = PBXShellScriptBuildPhase;
			buildActionMask = 2147483647;
			files = (
			);
			inputPaths = (
			);
			name = "Check Pods Manifest.lock";
			outputPaths = (
			);
			runOnlyForDeploymentPostprocessing = 0;
			shellPath = /bin/sh;
			shellScript = "diff \"${PODS_ROOT}/../Podfile.lock\" \"${PODS_ROOT}/Manifest.lock\" > /dev/null\nif [[ $? != 0 ]] ; then\n    cat << EOM\nerror: The sandbox is not in sync with the Podfile.lock. Run 'pod install' or update your CocoaPods installation.\nEOM\n    exit 1\nfi\n";
			showEnvVarsInLog = 0;
		};
/* End PBXShellScriptBuildPhase section */

/* Begin PBXSourcesBuildPhase section */
		7E2A0EC31BF4270C00DEE0C5 /* Sources */ = {
			isa = PBXSourcesBuildPhase;
			buildActionMask = 2147483647;
			files = (
				7E2A0ED81BF4270C00DEE0C5 /* KVOTest.xcdatamodeld in Sources */,
				7ED26DE41BFEB6EF00F33D67 /* HealthTableViewCell.m in Sources */,
				7E6EA7DA1BF58E0A00E4A47E /* MButton.m in Sources */,
				7E8BAE0D1C02BA5B000CE8E8 /* MapViewController.m in Sources */,
				7E6EA7DE1BF5C12800E4A47E /* MBouttonViewController.m in Sources */,
				7E2A0F151BF42B0900DEE0C5 /* KVOObject.m in Sources */,
				7E2A0ED21BF4270C00DEE0C5 /* ViewController.m in Sources */,
				7ED26DDF1BFEB6D400F33D67 /* HealthViewController.m in Sources */,
				7E8BAE111C02BB76000CE8E8 /* Tracking.m in Sources */,
				7E8BAE1E1C02F776000CE8E8 /* WGS84TOGCJ02.m in Sources */,
				7E2A0ECF1BF4270C00DEE0C5 /* AppDelegate.m in Sources */,
				7E2A0ECC1BF4270C00DEE0C5 /* main.m in Sources */,
				7E8BAE061C02B1BC000CE8E8 /* DataManager.m in Sources */,
				7E2A0F111BF42ADD00DEE0C5 /* KVOViewController.m in Sources */,
			);
			runOnlyForDeploymentPostprocessing = 0;
		};
		7E2A0EDF1BF4270C00DEE0C5 /* Sources */ = {
			isa = PBXSourcesBuildPhase;
			buildActionMask = 2147483647;
			files = (
				7E2A0EE81BF4270C00DEE0C5 /* KVOTestTests.m in Sources */,
			);
			runOnlyForDeploymentPostprocessing = 0;
		};
		7E2A0EEA1BF4270C00DEE0C5 /* Sources */ = {
			isa = PBXSourcesBuildPhase;
			buildActionMask = 2147483647;
			files = (
				7E2A0EF31BF4270C00DEE0C5 /* KVOTestUITests.m in Sources */,
			);
			runOnlyForDeploymentPostprocessing = 0;
		};
/* End PBXSourcesBuildPhase section */

/* Begin PBXTargetDependency section */
		7E2A0EE51BF4270C00DEE0C5 /* PBXTargetDependency */ = {
			isa = PBXTargetDependency;
			target = 7E2A0EC61BF4270C00DEE0C5 /* KVOTest */;
			targetProxy = 7E2A0EE41BF4270C00DEE0C5 /* PBXContainerItemProxy */;
		};
		7E2A0EF01BF4270C00DEE0C5 /* PBXTargetDependency */ = {
			isa = PBXTargetDependency;
			target = 7E2A0EC61BF4270C00DEE0C5 /* KVOTest */;
			targetProxy = 7E2A0EEF1BF4270C00DEE0C5 /* PBXContainerItemProxy */;
		};
/* End PBXTargetDependency section */

/* Begin PBXVariantGroup section */
		7E2A0ED31BF4270C00DEE0C5 /* Main.storyboard */ = {
			isa = PBXVariantGroup;
			children = (
				7E2A0ED41BF4270C00DEE0C5 /* Base */,
			);
			name = Main.storyboard;
			sourceTree = "<group>";
		};
		7E2A0EDB1BF4270C00DEE0C5 /* LaunchScreen.storyboard */ = {
			isa = PBXVariantGroup;
			children = (
				7E2A0EDC1BF4270C00DEE0C5 /* Base */,
			);
			name = LaunchScreen.storyboard;
			sourceTree = "<group>";
		};
/* End PBXVariantGroup section */

/* Begin XCBuildConfiguration section */
		7E2A0EF51BF4270C00DEE0C5 /* Debug */ = {
			isa = XCBuildConfiguration;
			buildSettings = {
				ALWAYS_SEARCH_USER_PATHS = NO;
				CLANG_CXX_LANGUAGE_STANDARD = "gnu++0x";
				CLANG_CXX_LIBRARY = "libc++";
				CLANG_ENABLE_MODULES = YES;
				CLANG_ENABLE_OBJC_ARC = YES;
				CLANG_WARN_BOOL_CONVERSION = YES;
				CLANG_WARN_CONSTANT_CONVERSION = YES;
				CLANG_WARN_DIRECT_OBJC_ISA_USAGE = YES_ERROR;
				CLANG_WARN_EMPTY_BODY = YES;
				CLANG_WARN_ENUM_CONVERSION = YES;
				CLANG_WARN_INT_CONVERSION = YES;
				CLANG_WARN_OBJC_ROOT_CLASS = YES_ERROR;
				CLANG_WARN_UNREACHABLE_CODE = YES;
				CLANG_WARN__DUPLICATE_METHOD_MATCH = YES;
				"CODE_SIGN_IDENTITY[sdk=iphoneos*]" = "iPhone Developer";
				COPY_PHASE_STRIP = NO;
				DEBUG_INFORMATION_FORMAT = dwarf;
				ENABLE_STRICT_OBJC_MSGSEND = YES;
				ENABLE_TESTABILITY = YES;
				GCC_C_LANGUAGE_STANDARD = gnu99;
				GCC_DYNAMIC_NO_PIC = NO;
				GCC_NO_COMMON_BLOCKS = YES;
				GCC_OPTIMIZATION_LEVEL = 0;
				GCC_PREPROCESSOR_DEFINITIONS = (
					"DEBUG=1",
					"$(inherited)",
				);
				GCC_WARN_64_TO_32_BIT_CONVERSION = YES;
				GCC_WARN_ABOUT_RETURN_TYPE = YES_ERROR;
				GCC_WARN_UNDECLARED_SELECTOR = YES;
				GCC_WARN_UNINITIALIZED_AUTOS = YES_AGGRESSIVE;
				GCC_WARN_UNUSED_FUNCTION = YES;
				GCC_WARN_UNUSED_VARIABLE = YES;
				IPHONEOS_DEPLOYMENT_TARGET = 7.0;
				MTL_ENABLE_DEBUG_INFO = YES;
				ONLY_ACTIVE_ARCH = YES;
				SDKROOT = iphoneos;
			};
			name = Debug;
		};
		7E2A0EF61BF4270C00DEE0C5 /* Release */ = {
			isa = XCBuildConfiguration;
			buildSettings = {
				ALWAYS_SEARCH_USER_PATHS = NO;
				CLANG_CXX_LANGUAGE_STANDARD = "gnu++0x";
				CLANG_CXX_LIBRARY = "libc++";
				CLANG_ENABLE_MODULES = YES;
				CLANG_ENABLE_OBJC_ARC = YES;
				CLANG_WARN_BOOL_CONVERSION = YES;
				CLANG_WARN_CONSTANT_CONVERSION = YES;
				CLANG_WARN_DIRECT_OBJC_ISA_USAGE = YES_ERROR;
				CLANG_WARN_EMPTY_BODY = YES;
				CLANG_WARN_ENUM_CONVERSION = YES;
				CLANG_WARN_INT_CONVERSION = YES;
				CLANG_WARN_OBJC_ROOT_CLASS = YES_ERROR;
				CLANG_WARN_UNREACHABLE_CODE = YES;
				CLANG_WARN__DUPLICATE_METHOD_MATCH = YES;
				"CODE_SIGN_IDENTITY[sdk=iphoneos*]" = "iPhone Developer";
				COPY_PHASE_STRIP = NO;
				DEBUG_INFORMATION_FORMAT = "dwarf-with-dsym";
				ENABLE_NS_ASSERTIONS = NO;
				ENABLE_STRICT_OBJC_MSGSEND = YES;
				GCC_C_LANGUAGE_STANDARD = gnu99;
				GCC_NO_COMMON_BLOCKS = YES;
				GCC_WARN_64_TO_32_BIT_CONVERSION = YES;
				GCC_WARN_ABOUT_RETURN_TYPE = YES_ERROR;
				GCC_WARN_UNDECLARED_SELECTOR = YES;
				GCC_WARN_UNINITIALIZED_AUTOS = YES_AGGRESSIVE;
				GCC_WARN_UNUSED_FUNCTION = YES;
				GCC_WARN_UNUSED_VARIABLE = YES;
				IPHONEOS_DEPLOYMENT_TARGET = 7.0;
				MTL_ENABLE_DEBUG_INFO = NO;
				SDKROOT = iphoneos;
				VALIDATE_PRODUCT = YES;
			};
			name = Release;
		};
		7E2A0EF81BF4270C00DEE0C5 /* Debug */ = {
			isa = XCBuildConfiguration;
			baseConfigurationReference = C0F842AAA627A9298613279C /* Pods.debug.xcconfig */;
			buildSettings = {
				ARCHS = "$(ARCHS_STANDARD)";
				CODE_SIGN_IDENTITY = "iPhone Developer";
				ENABLE_BITCODE = NO;
				FRAMEWORK_SEARCH_PATHS = (
					"$(inherited)",
					"$(PROJECT_DIR)/KVOTest/Map",
				);
				INFOPLIST_FILE = KVOTest/Info.plist;
				LD_RUNPATH_SEARCH_PATHS = "$(inherited) @executable_path/Frameworks";
				PRODUCT_BUNDLE_IDENTIFIER = com.1kf.1kf.KVO;
				PRODUCT_NAME = "$(TARGET_NAME)";
			};
			name = Debug;
		};
		7E2A0EF91BF4270C00DEE0C5 /* Release */ = {
			isa = XCBuildConfiguration;
			baseConfigurationReference = 4A0C8661843B91ED99C5F901 /* Pods.release.xcconfig */;
			buildSettings = {
				ARCHS = "$(ARCHS_STANDARD)";
				CODE_SIGN_IDENTITY = "iPhone Developer";
				ENABLE_BITCODE = NO;
				FRAMEWORK_SEARCH_PATHS = (
					"$(inherited)",
					"$(PROJECT_DIR)/KVOTest/Map",
				);
				INFOPLIST_FILE = KVOTest/Info.plist;
				LD_RUNPATH_SEARCH_PATHS = "$(inherited) @executable_path/Frameworks";
				PRODUCT_BUNDLE_IDENTIFIER = com.1kf.1kf.KVO;
				PRODUCT_NAME = "$(TARGET_NAME)";
			};
			name = Release;
		};
		7E2A0EFB1BF4270C00DEE0C5 /* Debug */ = {
			isa = XCBuildConfiguration;
			buildSettings = {
				BUNDLE_LOADER = "$(TEST_HOST)";
				INFOPLIST_FILE = KVOTestTests/Info.plist;
				LD_RUNPATH_SEARCH_PATHS = "$(inherited) @executable_path/Frameworks @loader_path/Frameworks";
				PRODUCT_BUNDLE_IDENTIFIER = com.1kf.1kf.KVOTestTests;
				PRODUCT_NAME = "$(TARGET_NAME)";
				TEST_HOST = "$(BUILT_PRODUCTS_DIR)/KVOTest.app/KVOTest";
			};
			name = Debug;
		};
		7E2A0EFC1BF4270C00DEE0C5 /* Release */ = {
			isa = XCBuildConfiguration;
			buildSettings = {
				BUNDLE_LOADER = "$(TEST_HOST)";
				INFOPLIST_FILE = KVOTestTests/Info.plist;
				LD_RUNPATH_SEARCH_PATHS = "$(inherited) @executable_path/Frameworks @loader_path/Frameworks";
				PRODUCT_BUNDLE_IDENTIFIER = com.1kf.1kf.KVOTestTests;
				PRODUCT_NAME = "$(TARGET_NAME)";
				TEST_HOST = "$(BUILT_PRODUCTS_DIR)/KVOTest.app/KVOTest";
			};
			name = Release;
		};
		7E2A0EFE1BF4270C00DEE0C5 /* Debug */ = {
			isa = XCBuildConfiguration;
			buildSettings = {
				INFOPLIST_FILE = KVOTestUITests/Info.plist;
				LD_RUNPATH_SEARCH_PATHS = "$(inherited) @executable_path/Frameworks @loader_path/Frameworks";
				PRODUCT_BUNDLE_IDENTIFIER = com.1kf.1kf.KVOTestUITests;
				PRODUCT_NAME = "$(TARGET_NAME)";
				TEST_TARGET_NAME = KVOTest;
				USES_XCTRUNNER = YES;
			};
			name = Debug;
		};
		7E2A0EFF1BF4270C00DEE0C5 /* Release */ = {
			isa = XCBuildConfiguration;
			buildSettings = {
				INFOPLIST_FILE = KVOTestUITests/Info.plist;
				LD_RUNPATH_SEARCH_PATHS = "$(inherited) @executable_path/Frameworks @loader_path/Frameworks";
				PRODUCT_BUNDLE_IDENTIFIER = com.1kf.1kf.KVOTestUITests;
				PRODUCT_NAME = "$(TARGET_NAME)";
				TEST_TARGET_NAME = KVOTest;
				USES_XCTRUNNER = YES;
			};
			name = Release;
		};
/* End XCBuildConfiguration section */

/* Begin XCConfigurationList section */
		7E2A0EC21BF4270C00DEE0C5 /* Build configuration list for PBXProject "KVOTest" */ = {
			isa = XCConfigurationList;
			buildConfigurations = (
				7E2A0EF51BF4270C00DEE0C5 /* Debug */,
				7E2A0EF61BF4270C00DEE0C5 /* Release */,
			);
			defaultConfigurationIsVisible = 0;
			defaultConfigurationName = Release;
		};
		7E2A0EF71BF4270C00DEE0C5 /* Build configuration list for PBXNativeTarget "KVOTest" */ = {
			isa = XCConfigurationList;
			buildConfigurations = (
				7E2A0EF81BF4270C00DEE0C5 /* Debug */,
				7E2A0EF91BF4270C00DEE0C5 /* Release */,
			);
			defaultConfigurationIsVisible = 0;
			defaultConfigurationName = Release;
		};
		7E2A0EFA1BF4270C00DEE0C5 /* Build configuration list for PBXNativeTarget "KVOTestTests" */ = {
			isa = XCConfigurationList;
			buildConfigurations = (
				7E2A0EFB1BF4270C00DEE0C5 /* Debug */,
				7E2A0EFC1BF4270C00DEE0C5 /* Release */,
			);
			defaultConfigurationIsVisible = 0;
			defaultConfigurationName = Release;
		};
		7E2A0EFD1BF4270C00DEE0C5 /* Build configuration list for PBXNativeTarget "KVOTestUITests" */ = {
			isa = XCConfigurationList;
			buildConfigurations = (
				7E2A0EFE1BF4270C00DEE0C5 /* Debug */,
				7E2A0EFF1BF4270C00DEE0C5 /* Release */,
			);
			defaultConfigurationIsVisible = 0;
			defaultConfigurationName = Release;
		};
/* End XCConfigurationList section */

/* Begin XCVersionGroup section */
		7E2A0ED61BF4270C00DEE0C5 /* KVOTest.xcdatamodeld */ = {
			isa = XCVersionGroup;
			children = (
				7E2A0ED71BF4270C00DEE0C5 /* KVOTest.xcdatamodel */,
			);
			currentVersion = 7E2A0ED71BF4270C00DEE0C5 /* KVOTest.xcdatamodel */;
			path = KVOTest.xcdatamodeld;
			sourceTree = "<group>";
			versionGroupType = wrapper.xcdatamodel;
		};
/* End XCVersionGroup section */
	};
	rootObject = 7E2A0EBF1BF4270C00DEE0C5 /* Project object */;
}
